
Microsoft Visual Studio Solution File, Format Version 12.00
# Visual Studio Version 16
VisualStudioVersion = 16.0.30413.136
MinimumVisualStudioVersion = 10.0.40219.1
Project("{9A19103F-16F7-4668-BE54-9A1E7A4F7556}") = "TestScheduler", "TestScheduler\TestScheduler.csproj", "{BEF0820C-4184-4C8B-A8F6-5B6D89E16A86}"
EndProject
Project("{FAE04EC0-301F-11D3-BF4B-00C04F79EFBC}") = "TestSchedulerTests2", "TestSchedulerTests2\TestSchedulerTests2.csproj", "{3C715073-3124-4919-91D9-CF403D4ABD34}"
EndProject
Global
	GlobalSection(SolutionConfigurationPlatforms) = preSolution
		Debug|Any CPU = Debug|Any CPU
		Release|Any CPU = Release|Any CPU
	EndGlobalSection
	GlobalSection(ProjectConfigurationPlatforms) = postSolution
		{BEF0820C-4184-4C8B-A8F6-5B6D89E16A86}.Debug|Any CPU.ActiveCfg = Debug|Any CPU
		{BEF0820C-4184-4C8B-A8F6-5B6D89E16A86}.Debug|Any CPU.Build.0 = Debug|Any CPU
		{BEF0820C-4184-4C8B-A8F6-5B6D89E16A86}.Release|Any CPU.ActiveCfg = Release|Any CPU
		{BEF0820C-4184-4C8B-A8F6-5B6D89E16A86}.Release|Any CPU.Build.0 = Release|Any CPU
		{3C715073-3124-4919-91D9-CF403D4ABD34}.Debug|Any CPU.ActiveCfg = Debug|Any CPU
		{3C715073-3124-4919-91D9-CF403D4ABD34}.Debug|Any CPU.Build.0 = Debug|Any CPU
		{3C715073-3124-4919-91D9-CF403D4ABD34}.Release|Any CPU.ActiveCfg = Release|Any CPU
		{3C715073-3124-4919-91D9-CF403D4ABD34}.Release|Any CPU.Build.0 = Release|Any CPU
	EndGlobalSection
	GlobalSection(SolutionProperties) = preSolution
		HideSolutionNode = FALSE
	EndGlobalSection
	GlobalSection(ExtensibilityGlobals) = postSolution
		SolutionGuid = {26295E14-C2FE-4696-A785-56674B84B9AC}
	EndGlobalSection
EndGlobal
